# This file was autogenerated by Stack.
# You should not edit this file by hand.
# For more information, please see the documentation at:
#   https://docs.haskellstack.org/en/stable/lock_files

packages:
- completed:
    hackage: crypton-connection-0.3.2@sha256:c7937edc25ab022bcf167703f2ec5ab73b62908e545bb587d2aa42b33cd6f6cc,1581
    pantry-tree:
      sha256: f986ad29b008cbe5732606e9cde1897191c486a2f1f169a4cb75fd915bce397c
      size: 394
  original:
    hackage: crypton-connection-0.3.2
snapshots:
- completed:
    sha256: e5cac927cf7ccbd52aa41476baa68b88c564ee6ddc3bc573dbf4210069287fe7
    size: 713340
    url: https://raw.githubusercontent.com/commercialhaskell/stackage-snapshots/master/lts/22/19.yaml
  original: lts-22.19
